
Microsoft Visual Studio Solution File, Format Version 12.00
# Visual Studio 15
VisualStudioVersion = 15.0.27130.2036
MinimumVisualStudioVersion = 10.0.40219.1
Project("{FAE04EC0-301F-11D3-BF4B-00C04F79EFBC}") = "ToolsQA", "ToolsQA\ToolsQA.csproj", "{73A67A39-7862-4639-B513-842C5E38AA36}"
EndProject
Global
	GlobalSection(SolutionConfigurationPlatforms) = preSolution
		Debug|Any CPU = Debug|Any CPU
		Release|Any CPU = Release|Any CPU
	EndGlobalSection
	GlobalSection(ProjectConfigurationPlatforms) = postSolution
		{73A67A39-7862-4639-B513-842C5E38AA36}.Debug|Any CPU.ActiveCfg = Debug|Any CPU
		{73A67A39-7862-4639-B513-842C5E38AA36}.Debug|Any CPU.Build.0 = Debug|Any CPU
		{73A67A39-7862-4639-B513-842C5E38AA36}.Release|Any CPU.ActiveCfg = Release|Any CPU
		{73A67A39-7862-4639-B513-842C5E38AA36}.Release|Any CPU.Build.0 = Release|Any CPU
	EndGlobalSection
	GlobalSection(SolutionProperties) = preSolution
		HideSolutionNode = FALSE
	EndGlobalSection
	GlobalSection(ExtensibilityGlobals) = postSolution
		SolutionGuid = {DA6D97B2-976E-47DF-9507-CAC9B7085519}
	EndGlobalSection
EndGlobal
